
Microsoft Visual Studio Solution File, Format Version 12.00
# Visual Studio Version 17
VisualStudioVersion = 17.13.35931.197 d17.13
MinimumVisualStudioVersion = 10.0.40219.1
Project("{FAE04EC0-301F-11D3-BF4B-00C04F79EFBC}") = "API", "API\API.csproj", "{6AAA93FA-E9EA-4001-885A-06956E2BE110}"
EndProject
Global
	GlobalSection(SolutionConfigurationPlatforms) = preSolution
		Debug|Any CPU = Debug|Any CPU
		Release|Any CPU = Release|Any CPU
	EndGlobalSection
	GlobalSection(ProjectConfigurationPlatforms) = postSolution
		{6AAA93FA-E9EA-4001-885A-06956E2BE110}.Debug|Any CPU.ActiveCfg = Debug|Any CPU
		{6AAA93FA-E9EA-4001-885A-06956E2BE110}.Debug|Any CPU.Build.0 = Debug|Any CPU
		{6AAA93FA-E9EA-4001-885A-06956E2BE110}.Release|Any CPU.ActiveCfg = Release|Any CPU
		{6AAA93FA-E9EA-4001-885A-06956E2BE110}.Release|Any CPU.Build.0 = Release|Any CPU
	EndGlobalSection
	GlobalSection(SolutionProperties) = preSolution
		HideSolutionNode = FALSE
	EndGlobalSection
	GlobalSection(ExtensibilityGlobals) = postSolution
		SolutionGuid = {B34EA343-D921-435D-923F-DA488FC2BDDE}
	EndGlobalSection
EndGlobal
